
Microsoft Visual Studio Solution File, Format Version 12.00
# Visual Studio 15
VisualStudioVersion = 15.0.28307.960
MinimumVisualStudioVersion = 10.0.40219.1
Project("{FAE04EC0-301F-11D3-BF4B-00C04F79EFBC}") = "innovue-test", "innovue-test\innovue-test.csproj", "{43A93373-49FE-4BC5-BEE3-BC74A1BBEEAE}"
EndProject
Global
	GlobalSection(SolutionConfigurationPlatforms) = preSolution
		Debug|Any CPU = Debug|Any CPU
		Release|Any CPU = Release|Any CPU
	EndGlobalSection
	GlobalSection(ProjectConfigurationPlatforms) = postSolution
		{43A93373-49FE-4BC5-BEE3-BC74A1BBEEAE}.Debug|Any CPU.ActiveCfg = Debug|Any CPU
		{43A93373-49FE-4BC5-BEE3-BC74A1BBEEAE}.Debug|Any CPU.Build.0 = Debug|Any CPU
		{43A93373-49FE-4BC5-BEE3-BC74A1BBEEAE}.Release|Any CPU.ActiveCfg = Release|Any CPU
		{43A93373-49FE-4BC5-BEE3-BC74A1BBEEAE}.Release|Any CPU.Build.0 = Release|Any CPU
	EndGlobalSection
	GlobalSection(SolutionProperties) = preSolution
		HideSolutionNode = FALSE
	EndGlobalSection
	GlobalSection(ExtensibilityGlobals) = postSolution
		SolutionGuid = {2169584F-1DF9-4EB5-AC52-724C246C1B5F}
	EndGlobalSection
EndGlobal
